{
  "name": "adf-cli-acs-template",
  "version": "2.2.0",
  "lockfileVersion": 1,
  "requires": true,
  "dependencies": {
    "@alfresco/adf-content-services": {
      "version": "2.2.0",
      "resolved": "https://registry.npmjs.org/@alfresco/adf-content-services/-/adf-content-services-2.2.0.tgz",
      "integrity": "sha512-6IrBDtrBo4ekrEBc5850QLshfx4ZnxQtlq5OPTnrno1vNjOJlG30KCvspl+bDPcdc4iVRPRWgC4HpLKN6PArCQ==",
      "dependencies": {
        "moment": {
          "version": "2.20.1",
          "resolved": "https://registry.npmjs.org/moment/-/moment-2.20.1.tgz",
          "integrity": "sha512-Yh9y73JRljxW5QxN08Fner68eFLxM5ynNOAw2LbIB1YAGeQzZT8QFSUvkAz609Zf+IHhhaUxqZK8dG3W/+HEvg=="
        }
      }
    },
    "@alfresco/adf-core": {
      "version": "2.2.0",
      "resolved": "https://registry.npmjs.org/@alfresco/adf-core/-/adf-core-2.2.0.tgz",
      "integrity": "sha512-TXaVXi9p/S95oKZ8x3fR/NieHN77AWjliwntPI0mR95Syg3U+7aWJCJElU3TkIItceNo23qnoEJCFeQgc86N5w==",
      "dependencies": {
        "moment": {
          "version": "2.20.1",
          "resolved": "https://registry.npmjs.org/moment/-/moment-2.20.1.tgz",
          "integrity": "sha512-Yh9y73JRljxW5QxN08Fner68eFLxM5ynNOAw2LbIB1YAGeQzZT8QFSUvkAz609Zf+IHhhaUxqZK8dG3W/+HEvg=="
        }
      }
    },
    "@angular-devkit/core": {
      "version": "0.0.28",
      "resolved": "https://registry.npmjs.org/@angular-devkit/core/-/core-0.0.28.tgz",
      "integrity": "sha512-rfGRVdpx080zZq9NGZ3RNG+cmoq/ZPaCzpM4dAbosEM46ficUkwr/JKjhjZUUoSyb9ItrT1lp9C33GfE/YpSVQ==",
      "dev": true,
      "dependencies": {
        "rxjs": {
          "version": "5.5.6",
          "resolved": "https://registry.npmjs.org/rxjs/-/rxjs-5.5.6.tgz",
          "integrity": "sha512-v4Q5HDC0FHAQ7zcBX7T2IL6O5ltl1a2GX4ENjPXg6SjDY69Cmx9v4113C99a4wGF16ClPv5Z8mghuYorVkg/kg=="
        },
        "symbol-observable": {
          "version": "1.0.1",
          "resolved": "https://registry.npmjs.org/symbol-observable/-/symbol-observable-1.0.1.tgz",
          "integrity": "sha1-g0D8RwLDEi310iKI+IKD9RPT/dQ="
        }
      }
    },
    "@angular/animations": {
      "version": "5.1.1",
      "resolved": "https://registry.npmjs.org/@angular/animations/-/animations-5.1.1.tgz",
      "integrity": "sha512-PHLBWDnAzr5b5l52pk5ZYmv/6m0YUe2ICwu5dmbS0d8Kf5dXadMphAWCDbljMF+djGyZeFq2/dQ/t7ygYl3YuA=="
    },
    "@angular/cdk": {
      "version": "5.0.1",
      "resolved": "https://registry.npmjs.org/@angular/cdk/-/cdk-5.0.1.tgz",
      "integrity": "sha512-uK4Vyaf06J8KqePzq35BxMHRGolt35EnbZf9wjCs7eYaghbQ7Pk2xUGoynu5Lj1wAOn5N1/C1nT2/aAH/EE2rw=="
    },
    "@angular/cli": {
      "version": "1.6.5",
      "resolved": "https://registry.npmjs.org/@angular/cli/-/cli-1.6.5.tgz",
      "integrity": "sha512-YyGdq7rM1xduSdxviKfbd9NsYloEIeK3T+WEftsHSlViKuNQh8jIUoMzTGypjCmTieE2Gtg5BnukaxuUo1G+bQ==",
      "dev": true
    },
    "@angular/common": {
      "version": "5.1.1",
      "resolved": "https://registry.npmjs.org/@angular/common/-/common-5.1.1.tgz",
      "integrity": "sha512-SFRzdDthoiKaMLuV+TAwjKXFWwTRFGuidlWC3BhUf8/HzNSePAdvfdQcqbEaE5buMn403OV105S9Tyx5tILQeA=="
    },
    "@angular/compiler": {
      "version": "5.1.1",
      "resolved": "https://registry.npmjs.org/@angular/compiler/-/compiler-5.1.1.tgz",
      "integrity": "sha512-k4J2kRiBjtjkDcDut2JVUpqQGLJWd8j3Don+swzZHuEklbLmsVRGM6u/fmH0K9TMwKHtC5Ycap8kj4bWXUYfwg=="
    },
    "@angular/compiler-cli": {
      "version": "5.2.7",
      "resolved": "https://registry.npmjs.org/@angular/compiler-cli/-/compiler-cli-5.2.7.tgz",
      "integrity": "sha512-91gQolzsKyOlmBNW1J7lyu+dXHe/KHbAXU459hn6rycMHuTt60XvxA5O3xy3Pqt28VgbOOSrQfq5eVjZodKjWg==",
      "dev": true,
      "dependencies": {
        "minimist": {
          "version": "1.2.0",
          "resolved": "https://registry.npmjs.org/minimist/-/minimist-1.2.0.tgz",
          "integrity": "sha1-o1AIsg9BOD7sH7kU9M1d95omQoQ="
        }
      }
    },
    "@angular/core": {
      "version": "5.1.1",
      "resolved": "https://registry.npmjs.org/@angular/core/-/core-5.1.1.tgz",
      "integrity": "sha512-8HJ0lNM5Z+pf+JfOl5mAWgNfrdtnMhVcEGCEniJAQweKOfYCziuyB0ALkX/Q6jGmd2IshR36SarwCYEc5ttt/w=="
    },
    "@angular/flex-layout": {
      "version": "2.0.0-beta.12",
      "resolved": "https://registry.npmjs.org/@angular/flex-layout/-/flex-layout-2.0.0-beta.12.tgz",
      "integrity": "sha512-QTOKZxehYTh8fj64V/pNVWNbfNtebSbssyMIXiGJuHTzfyF7GYdRmtjoR2pNpllycz3rE5NYX77EB140Y6BCnw=="
    },
    "@angular/forms": {
      "version": "5.1.1",
      "resolved": "https://registry.npmjs.org/@angular/forms/-/forms-5.1.1.tgz",
      "integrity": "sha512-4iN/8N0DgnV82XIb/8PqlFIGrog8BHJlzQ9sdAlpT29biPFezFpqpsXkjLBouBc7oBFTgoyXMgWDj8IGRmwLGQ=="
    },
    "@angular/http": {
      "version": "5.1.1",
      "resolved": "https://registry.npmjs.org/@angular/http/-/http-5.1.1.tgz",
      "integrity": "sha512-oeiLX00TaFlGS5Y4EAGnxxVitN8T9X8olhSC+XDDAAL3JHTAyh4dj7me8vNZk1VaqPFa9AXu4D34vu1Zsm0c1g=="
    },
    "@angular/language-service": {
      "version": "5.2.7",
      "resolved": "https://registry.npmjs.org/@angular/language-service/-/language-service-5.2.7.tgz",
      "integrity": "sha512-Tqd9ll6QBSKa2PKzhbyRiKfKZh4MOB6um3aiedC+m3IBB8zMgrY+EJbfP/SN52LsZdShEnLjuKcBZG0eqTjgEQ==",
      "dev": true
    },
    "@angular/material": {
      "version": "5.0.1",
      "resolved": "https://registry.npmjs.org/@angular/material/-/material-5.0.1.tgz",
      "integrity": "sha512-k95i58ZIVneLE61a5JliM10NSasy9P5C2JJUESo3s/rxt9dq/9XOWpUvNCy49OHYBRFJBlsyrLM6E2V7/tmq4w=="
    },
    "@angular/platform-browser": {
      "version": "5.1.1",
      "resolved": "https://registry.npmjs.org/@angular/platform-browser/-/platform-browser-5.1.1.tgz",
      "integrity": "sha512-QpkNXoO2pqURQJxXPhZo6RFeirKbr56O0SwoMpYfXGGN1qEIicoWZHobCUTp7/jvjx5Xjc7886Fvu/qJrE7wVA=="
    },
    "@angular/platform-browser-dynamic": {
      "version": "5.1.1",
      "resolved": "https://registry.npmjs.org/@angular/platform-browser-dynamic/-/platform-browser-dynamic-5.1.1.tgz",
      "integrity": "sha512-xnin1eK5nF7EO4tYZvRlhT28DyhL3p4NKWsZQwfqyBwSF0T2mJ1vjhjCZVT0MmaOyt5D+0eUkHIhBDqeZyBMMQ=="
    },
    "@angular/router": {
      "version": "5.1.1",
      "resolved": "https://registry.npmjs.org/@angular/router/-/router-5.1.1.tgz",
      "integrity": "sha512-96mBZS1b1Dt7HFOGKh5zI/1U6F3zT4cdjIaBmcCKkbyKhs3WRAPXxxCkuCwr6lWmBeQt4iEvSdXiHQbD0iCG7Q=="
    },
    "@mat-datetimepicker/core": {
      "version": "1.0.2",
      "resolved": "https://registry.npmjs.org/@mat-datetimepicker/core/-/core-1.0.2.tgz",
      "integrity": "sha1-awAq0YGeYoTlDI31uw5uUc1tWz0="
    },
    "@mat-datetimepicker/moment": {
      "version": "1.0.2",
      "resolved": "https://registry.npmjs.org/@mat-datetimepicker/moment/-/moment-1.0.2.tgz",
      "integrity": "sha1-UbgaT9DNEYhllStmPisOwg2ieBc="
    },
    "@ngx-translate/core": {
      "version": "9.1.1",
      "resolved": "https://registry.npmjs.org/@ngx-translate/core/-/core-9.1.1.tgz",
      "integrity": "sha1-rhA5KINrip4Gn9Li52+iGYzH5ig="
    },
    "@types/jasmine": {
      "version": "2.8.6",
      "resolved": "https://registry.npmjs.org/@types/jasmine/-/jasmine-2.8.6.tgz",
      "integrity": "sha512-clg9raJTY0EOo5pVZKX3ZlMjlYzVU73L71q5OV1jhE2Uezb7oF94jh4CvwrW6wInquQAdhOxJz5VDF2TLUGmmA==",
      "dev": true
    },
    "@types/jasminewd2": {
      "version": "2.0.3",
      "resolved": "https://registry.npmjs.org/@types/jasminewd2/-/jasminewd2-2.0.3.tgz",
      "integrity": "sha512-hYDVmQZT5VA2kigd4H4bv7vl/OhlympwREUemqBdOqtrYTo5Ytm12a5W5/nGgGYdanGVxj0x/VhZ7J3hOg/YKg==",
      "dev": true
    },
    "@types/node": {
      "version": "6.0.101",
      "resolved": "https://registry.npmjs.org/@types/node/-/node-6.0.101.tgz",
      "integrity": "sha512-IQ7V3D6+kK1DArTqTBrnl3M+YgJZLw8ta8w3Q9xjR79HaJzMAoTbZ8TNzUTztrkCKPTqIstE2exdbs1FzsYLUw==",
      "dev": true
    },
    "ajv-cli": {
      "version": "3.0.0",
      "resolved": "https://registry.npmjs.org/ajv-cli/-/ajv-cli-3.0.0.tgz",
      "integrity": "sha1-WCMjH2TigzBUEwaQsYCZYJ6YDyk=",
      "dev": true,
      "dependencies": {
        "ajv": {
          "version": "6.2.1",
          "resolved": "https://registry.npmjs.org/ajv/-/ajv-6.2.1.tgz",
          "integrity": "sha1-KKarxJOiq+D7TIUHrK7bQ/pVBnE="
        },
        "minimist": {
          "version": "1.2.0",
          "resolved": "https://registry.npmjs.org/minimist/-/minimist-1.2.0.tgz",
          "integrity": "sha1-o1AIsg9BOD7sH7kU9M1d95omQoQ="
        }
      }
    },
    "alfresco-js-api": {
      "version": "2.2.0",
      "resolved": "https://registry.npmjs.org/alfresco-js-api/-/alfresco-js-api-2.2.0.tgz",
      "integrity": "sha512-lskswsRQSulpn8xLC5znj41k0FxJ6KwYh8OuTBytoA47/dT65lmA6CXQAL6et7NKWLcwByfdY+2quDrCt3Dgwg=="
    },
    "chart.js": {
      "version": "2.9.4",
      "resolved": "https://registry.npmjs.org/chart.js/-/chart.js-2.9.4.tgz",
      "integrity": "sha512-B07aAzxcrikjAPyV+01j7BmOpxtQETxTSlQ26BEYJ+3iUkbNKaOJ/nDbT6JjyqYxseM0ON12COHYdU2cTIjC7A==",
      "requires": {
        "chartjs-color": "^2.1.0",
        "moment": "^2.10.2"
      }
    },
    "chartjs-color": {
      "version": "2.2.0",
      "resolved": "https://registry.npmjs.org/chartjs-color/-/chartjs-color-2.2.0.tgz",
      "integrity": "sha1-hKL7dVeH7YXDndbdjHsdiEKbrq4="
    },
    "classlist.js": {
      "version": "1.1.20150312",
      "resolved": "https://registry.npmjs.org/classlist.js/-/classlist.js-1.1.20150312.tgz",
      "integrity": "sha1-HXCEL3Ai8I2awIbOaeWyUPLFd4k="
    },
    "codelyzer": {
      "version": "4.2.1",
      "resolved": "https://registry.npmjs.org/codelyzer/-/codelyzer-4.2.1.tgz",
      "integrity": "sha512-CKwfgpfkqi9dyzy4s6ELaxJ54QgJ6A8iTSsM4bzHbLuTpbKncvNc3DUlCvpnkHBhK47gEf4qFsWoYqLrJPhy6g==",
      "dev": true
    },
    "core-js": {
      "version": "2.4.1",
      "resolved": "https://registry.npmjs.org/core-js/-/core-js-2.4.1.tgz",
      "integrity": "sha1-TekR5mew6ukSTjQlS1OupvxhjT4="
    },
    "custom-event-polyfill": {
      "version": "0.3.0",
      "resolved": "https://registry.npmjs.org/custom-event-polyfill/-/custom-event-polyfill-0.3.0.tgz",
      "integrity": "sha1-mYB4Ob5i7bRGtkWDLg2A6tb6GIg="
    },
    "hammerjs": {
      "version": "2.0.8",
      "resolved": "https://registry.npmjs.org/hammerjs/-/hammerjs-2.0.8.tgz",
      "integrity": "sha1-BO93hiz/K7edMPdpIJWTAiK/YPE="
    },
    "intl": {
      "version": "1.2.5",
      "resolved": "https://registry.npmjs.org/intl/-/intl-1.2.5.tgz",
      "integrity": "sha1-giRKIZDE5Bn4Nx9ao02qNCDiq94="
    },
    "jasmine-core": {
      "version": "2.8.0",
      "resolved": "https://registry.npmjs.org/jasmine-core/-/jasmine-core-2.8.0.tgz",
      "integrity": "sha1-vMl5rh+f0FcB5F5S5l06XWPxok4=",
      "dev": true
    },
    "jasmine-spec-reporter": {
      "version": "4.2.1",
      "resolved": "https://registry.npmjs.org/jasmine-spec-reporter/-/jasmine-spec-reporter-4.2.1.tgz",
      "integrity": "sha512-FZBoZu7VE5nR7Nilzy+Np8KuVIOxF4oXDPDknehCYBDE080EnlPu0afdZNmpGDBRCUBv3mj5qgqCRmk6W/K8vg==",
      "dev": true
    },
    "karma": {
      "version": "2.0.0",
      "resolved": "https://registry.npmjs.org/karma/-/karma-2.0.0.tgz",
      "integrity": "sha512-K9Kjp8CldLyL9ANSUctDyxC7zH3hpqXj/K09qVf06K3T/kXaHtFZ5tQciK7OzQu68FLvI89Na510kqQ2LCbpIw==",
      "dev": true,
      "dependencies": {
        "source-map": {
          "version": "0.6.1",
          "resolved": "https://registry.npmjs.org/source-map/-/source-map-0.6.1.tgz",
          "integrity": "sha512-UjgapumWlbMhkBgzT7Ykc5YXUT46F0iKu8SGXq0bcwP5dz/h0Plj6enJqjz1Zbq2l5WaqYnrVbwWOWMyF3F47g=="
        }
      }
    },
    "karma-chrome-launcher": {
      "version": "2.2.0",
      "resolved": "https://registry.npmjs.org/karma-chrome-launcher/-/karma-chrome-launcher-2.2.0.tgz",
      "integrity": "sha512-uf/ZVpAabDBPvdPdveyk1EPgbnloPvFFGgmRhYLTDH7gEB4nZdSBk8yTU47w1g/drLSx5uMOkjKk7IWKfWg/+w==",
      "dev": true
    },
    "karma-cli": {
      "version": "1.0.1",
      "resolved": "https://registry.npmjs.org/karma-cli/-/karma-cli-1.0.1.tgz",
      "integrity": "sha1-rmw8WKMTodALRRZMRVubhs4X+WA=",
      "dev": true
    },
    "karma-coverage-istanbul-reporter": {
      "version": "1.4.2",
      "resolved": "https://registry.npmjs.org/karma-coverage-istanbul-reporter/-/karma-coverage-istanbul-reporter-1.4.2.tgz",
      "integrity": "sha512-sQHexslLF+QHzaKfK8+onTYMyvSwv+p5cDayVxhpEELGa3z0QuB+l0IMsicIkkBNMOJKQaqueiRoW7iuo7lsog==",
      "dev": true
    },
    "karma-jasmine": {
      "version": "1.1.1",
      "resolved": "https://registry.npmjs.org/karma-jasmine/-/karma-jasmine-1.1.1.tgz",
      "integrity": "sha1-b+hA51oRYAydkehLM8RY4cRqNSk=",
      "dev": true
    },
    "karma-jasmine-html-reporter": {
      "version": "0.2.2",
      "resolved": "https://registry.npmjs.org/karma-jasmine-html-reporter/-/karma-jasmine-html-reporter-0.2.2.tgz",
      "integrity": "sha1-SKjl7xiAdhfuK14zwRlMNbQ5Ukw=",
      "dev": true
    },
    "minimatch": {
      "version": "3.0.4",
      "resolved": "https://registry.npmjs.org/minimatch/-/minimatch-3.0.4.tgz",
      "integrity": "sha512-yJHVQEhyqPLUTgt9B83PXu6W3rx4MvvHvSUvToogpwoGDOUQ+yDrR0HRot+yOCdCO7u4hX3pWft6kWBBcqh0UA=="
    },
    "moment": {
      "version": "2.18.1",
      "resolved": "https://registry.npmjs.org/moment/-/moment-2.18.1.tgz",
      "integrity": "sha1-w2GT3Tzhwu7SrbfIAtu8d6gbHA8="
    },
    "moment-es6": {
      "version": "1.0.0",
      "resolved": "https://registry.npmjs.org/moment-es6/-/moment-es6-1.0.0.tgz",
      "integrity": "sha1-VS/PQF1iVlsKH+hObB5peseTMt8="
    },
    "ng2-charts": {
      "version": "1.6.0",
      "resolved": "https://registry.npmjs.org/ng2-charts/-/ng2-charts-1.6.0.tgz",
      "integrity": "sha512-9w0WH69x5/nuqC1og2WaY39NbaBqTGIP1+5gZaH7/KPN6UEPonNg/pYnsIVklLj1DWPWXKa8+XXIJZ1jy5nLxg==",
      "dependencies": {
        "chart.js": {
          "version": "2.7.2",
          "resolved": "https://registry.npmjs.org/chart.js/-/chart.js-2.7.2.tgz",
          "integrity": "sha512-90wl3V9xRZ8tnMvMlpcW+0Yg13BelsGS9P9t0ClaDxv/hdypHDr/YAGf+728m11P5ljwyB0ZHfPKCapZFqSqYA=="
        }
      }
    },
    "pdfjs-dist": {
      "version": "1.5.404",
      "resolved": "https://registry.npmjs.org/pdfjs-dist/-/pdfjs-dist-1.5.404.tgz",
      "integrity": "sha1-hYXGUWquIU1ZCXXo+ys8PzrxTO8="
    },
    "protractor": {
      "version": "5.1.2",
      "resolved": "https://registry.npmjs.org/protractor/-/protractor-5.1.2.tgz",
      "integrity": "sha1-myIXQXCaTGLVzVPGqt1UpxE36V8=",
      "dev": true,
      "dependencies": {
        "ansi-styles": {
          "version": "2.2.1",
          "resolved": "https://registry.npmjs.org/ansi-styles/-/ansi-styles-2.2.1.tgz",
          "integrity": "sha1-tDLdM1i2NM914eRmQ2gkBTPB3b4="
        },
        "chalk": {
          "version": "1.1.3",
          "resolved": "https://registry.npmjs.org/chalk/-/chalk-1.1.3.tgz",
          "integrity": "sha1-qBFcVeSnAv5NFQq9OHKCKn4J/Jg="
        },
        "del": {
          "version": "2.2.2",
          "resolved": "https://registry.npmjs.org/del/-/del-2.2.2.tgz",
          "integrity": "sha1-wSyYHQZ4RshLyvhiz/kw2Qf/0ag="
        },
        "globby": {
          "version": "5.0.0",
          "resolved": "https://registry.npmjs.org/globby/-/globby-5.0.0.tgz",
          "integrity": "sha1-69hGZ8oNuzMLmbz8aOrCvFQ3Dg0="
        },
        "minimist": {
          "version": "1.2.0",
          "resolved": "https://registry.npmjs.org/minimist/-/minimist-1.2.0.tgz",
          "integrity": "sha1-o1AIsg9BOD7sH7kU9M1d95omQoQ="
        },
        "pify": {
          "version": "2.3.0",
          "resolved": "https://registry.npmjs.org/pify/-/pify-2.3.0.tgz",
          "integrity": "sha1-7RQaasBDqEnqWISY59yosVMw6Qw="
        },
        "q": {
          "version": "1.4.1",
          "resolved": "https://registry.npmjs.org/q/-/q-1.4.1.tgz",
          "integrity": "sha1-VXBbzZPF82c1MMLCy8DCs63cKG4="
        },
        "supports-color": {
          "version": "2.0.0",
          "resolved": "https://registry.npmjs.org/supports-color/-/supports-color-2.0.0.tgz",
          "integrity": "sha1-U10EXOa2Nj+kARcIRimZXp3zJMc="
        },
        "webdriver-manager": {
          "version": "12.0.6",
          "resolved": "https://registry.npmjs.org/webdriver-manager/-/webdriver-manager-12.0.6.tgz",
          "integrity": "sha1-PfGkgZdwELTL+MnYXHpXeCjA5ws="
        }
      }
    },
    "raphael": {
      "version": "2.2.7",
      "resolved": "https://registry.npmjs.org/raphael/-/raphael-2.2.7.tgz",
      "integrity": "sha1-IxsZFB+NCGmG2PrOtm+LVi7iyBA="
    },
    "reflect-metadata": {
      "version": "0.1.10",
      "resolved": "https://registry.npmjs.org/reflect-metadata/-/reflect-metadata-0.1.10.tgz",
      "integrity": "sha1-tPg3BEFqytiZiMmxVjXUfgO5NEo="
    },
    "rxjs": {
      "version": "5.5.2",
      "resolved": "https://registry.npmjs.org/rxjs/-/rxjs-5.5.2.tgz",
      "integrity": "sha512-oRYoIKWBU3Ic37fLA5VJu31VqQO4bWubRntcHSJ+cwaDQBwdnZ9x4zmhJfm/nFQ2E82/I4loSioHnACamrKGgA=="
    },
    "ts-node": {
      "version": "4.1.0",
      "resolved": "https://registry.npmjs.org/ts-node/-/ts-node-4.1.0.tgz",
      "integrity": "sha512-xcZH12oVg9PShKhy3UHyDmuDLV3y7iKwX25aMVPt1SIXSuAfWkFiGPEkg+th8R4YKW/QCxDoW7lJdb15lx6QWg==",
      "dev": true,
      "dependencies": {
        "chalk": {
          "version": "2.3.2",
          "resolved": "https://registry.npmjs.org/chalk/-/chalk-2.3.2.tgz",
          "integrity": "sha512-ZM4j2/ld/YZDc3Ma8PgN7gyAk+kHMMMyzLNryCPGhWrsfAuDVeuid5bpRFTDgMH9JBK2lA4dyyAkkZYF/WcqDQ=="
        },
        "has-flag": {
          "version": "3.0.0",
          "resolved": "https://registry.npmjs.org/has-flag/-/has-flag-3.0.0.tgz",
          "integrity": "sha1-tdRU3CGZriJWmfNGfloH87lVuv0="
        },
        "minimist": {
          "version": "1.2.0",
          "resolved": "https://registry.npmjs.org/minimist/-/minimist-1.2.0.tgz",
          "integrity": "sha1-o1AIsg9BOD7sH7kU9M1d95omQoQ="
        },
        "source-map": {
          "version": "0.6.1",
          "resolved": "https://registry.npmjs.org/source-map/-/source-map-0.6.1.tgz",
          "integrity": "sha512-UjgapumWlbMhkBgzT7Ykc5YXUT46F0iKu8SGXq0bcwP5dz/h0Plj6enJqjz1Zbq2l5WaqYnrVbwWOWMyF3F47g=="
        },
        "source-map-support": {
          "version": "0.5.3",
          "resolved": "https://registry.npmjs.org/source-map-support/-/source-map-support-0.5.3.tgz",
          "integrity": "sha512-eKkTgWYeBOQqFGXRfKabMFdnWepo51vWqEdoeikaEPFiJC7MCU5j2h4+6Q8npkZTeLGbSyecZvRxiSoWl3rh+w=="
        },
        "supports-color": {
          "version": "5.3.0",
          "resolved": "https://registry.npmjs.org/supports-color/-/supports-color-5.3.0.tgz",
          "integrity": "sha512-0aP01LLIskjKs3lq52EC0aGBAJhLq7B2Rd8HC/DR/PtNNpcLilNmHC12O+hu0usQpo7wtHNRqtrhBwtDb0+dNg=="
        }
      }
    },
    "tslint": {
      "version": "5.9.1",
      "resolved": "https://registry.npmjs.org/tslint/-/tslint-5.9.1.tgz",
      "integrity": "sha1-ElX4ej/1frCw4fDmEKi0dIBGya4=",
      "dev": true,
      "dependencies": {
        "chalk": {
          "version": "2.3.2",
          "resolved": "https://registry.npmjs.org/chalk/-/chalk-2.3.2.tgz",
          "integrity": "sha512-ZM4j2/ld/YZDc3Ma8PgN7gyAk+kHMMMyzLNryCPGhWrsfAuDVeuid5bpRFTDgMH9JBK2lA4dyyAkkZYF/WcqDQ=="
        },
        "has-flag": {
          "version": "3.0.0",
          "resolved": "https://registry.npmjs.org/has-flag/-/has-flag-3.0.0.tgz",
          "integrity": "sha1-tdRU3CGZriJWmfNGfloH87lVuv0="
        },
        "supports-color": {
          "version": "5.3.0",
          "resolved": "https://registry.npmjs.org/supports-color/-/supports-color-5.3.0.tgz",
          "integrity": "sha512-0aP01LLIskjKs3lq52EC0aGBAJhLq7B2Rd8HC/DR/PtNNpcLilNmHC12O+hu0usQpo7wtHNRqtrhBwtDb0+dNg=="
        }
      }
    },
    "typescript": {
      "version": "2.5.3",
      "resolved": "https://registry.npmjs.org/typescript/-/typescript-2.5.3.tgz",
      "integrity": "sha512-ptLSQs2S4QuS6/OD1eAKG+S5G8QQtrU5RT32JULdZQtM1L3WTi34Wsu48Yndzi8xsObRAB9RPt/KhA9wlpEF6w==",
      "dev": true
    },
    "web-animations-js": {
      "version": "2.3.1",
      "resolved": "https://registry.npmjs.org/web-animations-js/-/web-animations-js-2.3.1.tgz",
      "integrity": "sha1-Om2bwVGWN3qQ+OKAP6UmIWWwRRA="
    },
    "zone.js": {
      "version": "0.8.14",
      "resolved": "https://registry.npmjs.org/zone.js/-/zone.js-0.8.14.tgz",
      "integrity": "sha1-DE2ySxeCMidMy0P3jJnbfzZCts8="
    }
  }
}
