{
  "name": "ng2-alfresco-datatable-demo",
  "version": "0.1.0",
  "lockfileVersion": 1,
  "requires": true,
  "dependencies": {
    "@angular/animations": {
      "version": "4.2.5",
      "resolved": "https://registry.npmjs.org/@angular/animations/-/animations-4.2.5.tgz",
      "integrity": "sha1-EjD2vGoY8quyPifx2a6e+v0aYDE="
    },
    "@angular/common": {
      "version": "4.2.5",
      "resolved": "https://registry.npmjs.org/@angular/common/-/common-4.2.5.tgz",
      "integrity": "sha1-TVCpW0RM1Yz3BvDandFAfTuDNi4="
    },
    "@angular/compiler": {
      "version": "4.2.5",
      "resolved": "https://registry.npmjs.org/@angular/compiler/-/compiler-4.2.5.tgz",
      "integrity": "sha1-tIZ0x0VrKw3xBy1w5OZnr4bN34M="
    },
    "@angular/core": {
      "version": "11.0.5",
      "resolved": "https://registry.npmjs.org/@angular/core/-/core-11.0.5.tgz",
      "integrity": "sha512-XAXWQi7R3ucZXQwx9QK5jSKJeQyRJ53u2dQDpr7R5stzeCy1a5hrNOkZLg9zOTTPcth/6+FrOrRZP9SMdxtw3w==",
      "requires": {
        "tslib": "^2.0.0"
      },
      "dependencies": {
        "tslib": {
          "version": "2.4.0",
          "resolved": "https://registry.npmjs.org/tslib/-/tslib-2.4.0.tgz",
          "integrity": "sha512-d6xOpEDfsi2CZVlPQzGeux8XMwLT9hssAsaPYExaQMuYskwb+x1x7J371tWlbBdWHroy99KnVB6qIkUbs5X3UQ=="
        }
      }
    },
    "@angular/forms": {
      "version": "4.2.5",
      "resolved": "https://registry.npmjs.org/@angular/forms/-/forms-4.2.5.tgz",
      "integrity": "sha1-p+VcjR9aToU37+Ht14NOSh9ZxuQ="
    },
    "@angular/http": {
      "version": "4.2.5",
      "resolved": "https://registry.npmjs.org/@angular/http/-/http-4.2.5.tgz",
      "integrity": "sha1-P/+OXPjogmK6zRyZYwQxLDxaOu8="
    },
    "@angular/material": {
      "version": "2.0.0-beta.6",
      "resolved": "https://registry.npmjs.org/@angular/material/-/material-2.0.0-beta.6.tgz",
      "integrity": "sha512-4uH0QCy3GPQsX2bmsWoe3r16IW6p5i13eq1ZOWlwpyxuPUxhoUS81EpiK1mAfoRCUg8LKXq2m/bzeb/emFRhoA==",
      "requires": {
        "tslib": "^1.7.1"
      }
    },
    "@angular/platform-browser": {
      "version": "4.2.5",
      "resolved": "https://registry.npmjs.org/@angular/platform-browser/-/platform-browser-4.2.5.tgz",
      "integrity": "sha1-2d3+D4EITpjvJKefSF27ES54oMQ="
    },
    "@angular/platform-browser-dynamic": {
      "version": "4.2.5",
      "resolved": "https://registry.npmjs.org/@angular/platform-browser-dynamic/-/platform-browser-dynamic-4.2.5.tgz",
      "integrity": "sha1-gHbsSohcw6GiPF5UDECn/dP357I="
    },
    "@angular/router": {
      "version": "4.2.5",
      "resolved": "https://registry.npmjs.org/@angular/router/-/router-4.2.5.tgz",
      "integrity": "sha1-fzZAiUk6saBurF8MYowPn9sRAI8="
    },
    "@angular/upgrade": {
      "version": "2.4.7",
      "resolved": "https://registry.npmjs.org/@angular/upgrade/-/upgrade-2.4.7.tgz",
      "integrity": "sha1-vwUawv+E8uDM/TnOg5ChbZiknGw="
    },
    "@ngx-translate/core": {
      "version": "7.0.0",
      "resolved": "https://registry.npmjs.org/@ngx-translate/core/-/core-7.0.0.tgz",
      "integrity": "sha1-W29jvUBCFk1EzYX2hwOvluk5Ln0="
    },
    "@types/hammerjs": {
      "version": "2.0.34",
      "resolved": "https://registry.npmjs.org/@types/hammerjs/-/hammerjs-2.0.34.tgz",
      "integrity": "sha1-nLrE9BywOUNhQXheG+ULOrEKBKk=",
      "dev": true
    },
    "@types/jasmine": {
      "version": "2.5.35",
      "resolved": "https://registry.npmjs.org/@types/jasmine/-/jasmine-2.5.35.tgz",
      "integrity": "sha1-VWZAbchBfTgNbC+VYuw8cewo73g=",
      "dev": true
    },
    "@types/node": {
      "version": "6.0.45",
      "resolved": "https://registry.npmjs.org/@types/node/-/node-6.0.45.tgz",
      "integrity": "sha1-xIQqnWU9dngx5P9JW2AIzA1XmWY=",
      "dev": true
    },
    "alfresco-js-api": {
      "version": "1.6.1",
      "resolved": "https://registry.npmjs.org/alfresco-js-api/-/alfresco-js-api-1.6.1.tgz",
      "integrity": "sha512-rKSJr1SKcUi1ZcrOSAAP4IYP9TmT/f1y3GYXdfOQ6nesFwJK/ffAHiaTgGhyQb8CjdxbsBPLzWiy2LLgFu/W0g=="
    },
    "angular2-template-loader": {
      "version": "0.6.2",
      "resolved": "https://registry.npmjs.org/angular2-template-loader/-/angular2-template-loader-0.6.2.tgz",
      "integrity": "sha1-wNROkP/w+sleiyPwQ6zaf9HFHXw=",
      "dev": true,
      "dependencies": {
        "loader-utils": {
          "version": "0.2.17",
          "resolved": "https://registry.npmjs.org/loader-utils/-/loader-utils-0.2.17.tgz",
          "integrity": "sha1-+G5jdNQyBabmxg6RlvF8Apm/s0g="
        }
      }
    },
    "autoprefixer": {
      "version": "6.5.4",
      "resolved": "https://registry.npmjs.org/autoprefixer/-/autoprefixer-6.5.4.tgz",
      "integrity": "sha1-E4brZwjM/zau//cK3GlOz9YK8bA=",
      "dev": true
    },
    "copy-webpack-plugin": {
      "version": "4.0.1",
      "resolved": "https://registry.npmjs.org/copy-webpack-plugin/-/copy-webpack-plugin-4.0.1.tgz",
      "integrity": "sha1-lyjjg7lDFgUNDHRjlY8rhcCqggA=",
      "dev": true,
      "dependencies": {
        "loader-utils": {
          "version": "0.2.17",
          "resolved": "https://registry.npmjs.org/loader-utils/-/loader-utils-0.2.17.tgz",
          "integrity": "sha1-+G5jdNQyBabmxg6RlvF8Apm/s0g="
        }
      }
    },
    "core-js": {
      "version": "2.4.1",
      "resolved": "https://registry.npmjs.org/core-js/-/core-js-2.4.1.tgz",
      "integrity": "sha1-TekR5mew6ukSTjQlS1OupvxhjT4="
    },
    "css-loader": {
      "version": "0.23.1",
      "resolved": "https://registry.npmjs.org/css-loader/-/css-loader-0.23.1.tgz",
      "integrity": "sha1-n6I/K1wJZSNZEK1ezvO4o2OQ/lA=",
      "dev": true,
      "dependencies": {
        "loader-utils": {
          "version": "0.2.17",
          "resolved": "https://registry.npmjs.org/loader-utils/-/loader-utils-0.2.17.tgz",
          "integrity": "sha1-+G5jdNQyBabmxg6RlvF8Apm/s0g="
        }
      }
    },
    "css-to-string-loader": {
      "version": "0.1.2",
      "resolved": "https://registry.npmjs.org/css-to-string-loader/-/css-to-string-loader-0.1.2.tgz",
      "integrity": "sha1-t/8B3Xj7veaYuFmVUj9hG+onaAk=",
      "dev": true,
      "dependencies": {
        "loader-utils": {
          "version": "0.2.17",
          "resolved": "https://registry.npmjs.org/loader-utils/-/loader-utils-0.2.17.tgz",
          "integrity": "sha1-+G5jdNQyBabmxg6RlvF8Apm/s0g="
        }
      }
    },
    "cssnano": {
      "version": "3.8.1",
      "resolved": "https://registry.npmjs.org/cssnano/-/cssnano-3.8.1.tgz",
      "integrity": "sha1-AIpIIUjulIzwry7m5EvZfFP4huw=",
      "dev": true
    },
    "dialog-polyfill": {
      "version": "0.4.7",
      "resolved": "https://registry.npmjs.org/dialog-polyfill/-/dialog-polyfill-0.4.7.tgz",
      "integrity": "sha1-6ZldUZ8d80lZcZMZjBhOqUAv2/U="
    },
    "element.scrollintoviewifneeded-polyfill": {
      "version": "1.0.1",
      "resolved": "https://registry.npmjs.org/element.scrollintoviewifneeded-polyfill/-/element.scrollintoviewifneeded-polyfill-1.0.1.tgz",
      "integrity": "sha1-iaAjSB6B59/XIQXEyRcOg7NXRU8="
    },
    "extract-text-webpack-plugin": {
      "version": "2.0.0-rc.3",
      "resolved": "https://registry.npmjs.org/extract-text-webpack-plugin/-/extract-text-webpack-plugin-2.0.0-rc.3.tgz",
      "integrity": "sha1-c4GqeGnOJtSzmnurcc8J5aOEMrI=",
      "dev": true,
      "dependencies": {
        "loader-utils": {
          "version": "0.2.17",
          "resolved": "https://registry.npmjs.org/loader-utils/-/loader-utils-0.2.17.tgz",
          "integrity": "sha1-+G5jdNQyBabmxg6RlvF8Apm/s0g="
        }
      }
    },
    "file-loader": {
      "version": "0.11.1",
      "resolved": "https://registry.npmjs.org/file-loader/-/file-loader-0.11.1.tgz",
      "integrity": "sha1-azKO4SNKcp5OR9Njdd1tNcDh24Q=",
      "dev": true
    },
    "hammerjs": {
      "version": "2.0.8",
      "resolved": "https://registry.npmjs.org/hammerjs/-/hammerjs-2.0.8.tgz",
      "integrity": "sha1-BO93hiz/K7edMPdpIJWTAiK/YPE="
    },
    "html-loader": {
      "version": "0.4.4",
      "resolved": "https://registry.npmjs.org/html-loader/-/html-loader-0.4.4.tgz",
      "integrity": "sha1-8rW5rNXgNf86tf02nBPJenuwFNo=",
      "dev": true,
      "dependencies": {
        "loader-utils": {
          "version": "0.2.17",
          "resolved": "https://registry.npmjs.org/loader-utils/-/loader-utils-0.2.17.tgz",
          "integrity": "sha1-+G5jdNQyBabmxg6RlvF8Apm/s0g="
        }
      }
    },
    "html-webpack-plugin": {
      "version": "2.28.0",
      "resolved": "https://registry.npmjs.org/html-webpack-plugin/-/html-webpack-plugin-2.28.0.tgz",
      "integrity": "sha1-LnhjtX5f1I/iYzA+L/yTTDBk0Ak=",
      "dev": true,
      "dependencies": {
        "bluebird": {
          "version": "3.5.0",
          "resolved": "https://registry.npmjs.org/bluebird/-/bluebird-3.5.0.tgz",
          "integrity": "sha1-eRQg1/VR7qKJdFOop3ZT+WYG1nw="
        },
        "loader-utils": {
          "version": "0.2.17",
          "resolved": "https://registry.npmjs.org/loader-utils/-/loader-utils-0.2.17.tgz",
          "integrity": "sha1-+G5jdNQyBabmxg6RlvF8Apm/s0g="
        }
      }
    },
    "intl": {
      "version": "1.2.4",
      "resolved": "https://registry.npmjs.org/intl/-/intl-1.2.4.tgz",
      "integrity": "sha1-tN6JO1AQTSBVlnfe7fQVoso0nR4="
    },
    "istanbul-instrumenter-loader": {
      "version": "0.2.0",
      "resolved": "https://registry.npmjs.org/istanbul-instrumenter-loader/-/istanbul-instrumenter-loader-0.2.0.tgz",
      "integrity": "sha1-ZD5OXk6PlGaGOimpd9KDqzcsAZw=",
      "dev": true,
      "dependencies": {
        "loader-utils": {
          "version": "0.2.17",
          "resolved": "https://registry.npmjs.org/loader-utils/-/loader-utils-0.2.17.tgz",
          "integrity": "sha1-+G5jdNQyBabmxg6RlvF8Apm/s0g="
        }
      }
    },
    "jasmine-ajax": {
      "version": "3.2.0",
      "resolved": "https://registry.npmjs.org/jasmine-ajax/-/jasmine-ajax-3.2.0.tgz",
      "integrity": "sha1-ChYAt9PFA6OQT4Bnm4Z5hahOR1Y=",
      "dev": true
    },
    "jasmine-core": {
      "version": "2.4.1",
      "resolved": "https://registry.npmjs.org/jasmine-core/-/jasmine-core-2.4.1.tgz",
      "integrity": "sha1-b4OrOg8WlRcizgfSBsdz1XzIOL4=",
      "dev": true
    },
    "karma": {
      "version": "0.13.22",
      "resolved": "https://registry.npmjs.org/karma/-/karma-0.13.22.tgz",
      "integrity": "sha1-B3ULG9Bj1+fnuRvNLmNU2PKqh0Q=",
      "dev": true,
      "dependencies": {
        "glob": {
          "version": "7.1.2",
          "resolved": "https://registry.npmjs.org/glob/-/glob-7.1.2.tgz",
          "integrity": "sha512-MJTUg1kjuLeQCJ+ccE4Vpa6kKVXkPYJ2mOCQyUuKLcLQsdrMCpBPUi8qVE6+YuaJkozeA9NusTAw3hLr8Xe5EQ=="
        },
        "lodash": {
          "version": "3.10.1",
          "resolved": "https://registry.npmjs.org/lodash/-/lodash-3.10.1.tgz",
          "integrity": "sha1-W/Rejkm6QYnhfUgnid/RW9FAt7Y="
        }
      }
    },
    "karma-chrome-launcher": {
      "version": "1.0.1",
      "resolved": "https://registry.npmjs.org/karma-chrome-launcher/-/karma-chrome-launcher-1.0.1.tgz",
      "integrity": "sha1-vlrnxCZPmgouIuPZhL6zJa2SyMs=",
      "dev": true
    },
    "karma-coverage": {
      "version": "1.1.1",
      "resolved": "https://registry.npmjs.org/karma-coverage/-/karma-coverage-1.1.1.tgz",
      "integrity": "sha1-Wv+LOc9plNwi3kyENix2ABtjfPY=",
      "dev": true,
      "dependencies": {
        "lodash": {
          "version": "3.10.1",
          "resolved": "https://registry.npmjs.org/lodash/-/lodash-3.10.1.tgz",
          "integrity": "sha1-W/Rejkm6QYnhfUgnid/RW9FAt7Y="
        }
      }
    },
    "karma-jasmine": {
      "version": "1.0.2",
      "resolved": "https://registry.npmjs.org/karma-jasmine/-/karma-jasmine-1.0.2.tgz",
      "integrity": "sha1-wLOrMnvyB9tg4X+ifbN8/e9djmw=",
      "dev": true
    },
    "karma-jasmine-ajax": {
      "version": "0.1.13",
      "resolved": "https://registry.npmjs.org/karma-jasmine-ajax/-/karma-jasmine-ajax-0.1.13.tgz",
      "integrity": "sha1-eLuS2Jb+MqJaGACYxHci4dlgW/w=",
      "dev": true
    },
    "karma-jasmine-html-reporter": {
      "version": "0.2.0",
      "resolved": "https://registry.npmjs.org/karma-jasmine-html-reporter/-/karma-jasmine-html-reporter-0.2.0.tgz",
      "integrity": "sha1-j/K03sm+exX7RhtzHL7z5s54tzU=",
      "dev": true,
      "dependencies": {
        "karma-jasmine": {
          "version": "0.2.3",
          "resolved": "https://registry.npmjs.org/karma-jasmine/-/karma-jasmine-0.2.3.tgz",
          "integrity": "sha1-xNPcETLV3cNdralVRcQs4LbpmZs="
        }
      }
    },
    "karma-mocha-reporter": {
      "version": "2.2.2",
      "resolved": "https://registry.npmjs.org/karma-mocha-reporter/-/karma-mocha-reporter-2.2.2.tgz",
      "integrity": "sha1-h23poockTlSmCFkXMqmOZmEfar4=",
      "dev": true
    },
    "karma-remap-istanbul": {
      "version": "0.6.0",
      "resolved": "https://registry.npmjs.org/karma-remap-istanbul/-/karma-remap-istanbul-0.6.0.tgz",
      "integrity": "sha1-l/O3cAZSVPm0ck8tm+SjouG69vw=",
      "dev": true,
      "dependencies": {
        "remap-istanbul": {
          "version": "0.9.5",
          "resolved": "https://registry.npmjs.org/remap-istanbul/-/remap-istanbul-0.9.5.tgz",
          "integrity": "sha1-oYYXsfMe7Fp9vud1OCmLd1YGqqg="
        }
      }
    },
    "karma-sourcemap-loader": {
      "version": "0.3.7",
      "resolved": "https://registry.npmjs.org/karma-sourcemap-loader/-/karma-sourcemap-loader-0.3.7.tgz",
      "integrity": "sha1-kTIsd/jxPUb+0GKwQuEAnUxFBdg=",
      "dev": true
    },
    "karma-systemjs": {
      "version": "0.16.0",
      "resolved": "https://registry.npmjs.org/karma-systemjs/-/karma-systemjs-0.16.0.tgz",
      "integrity": "sha1-/iyB+vpkm8j9DuyMxba9dRXB8V0=",
      "dev": true
    },
    "karma-webpack": {
      "version": "2.0.3",
      "resolved": "https://registry.npmjs.org/karma-webpack/-/karma-webpack-2.0.3.tgz",
      "integrity": "sha1-Oc6/XKJYATmyf5rmm3iBa5yC+uY=",
      "dev": true,
      "dependencies": {
        "async": {
          "version": "0.9.2",
          "resolved": "https://registry.npmjs.org/async/-/async-0.9.2.tgz",
          "integrity": "sha1-rqdNXmHB+JlhO/ZL2mbUx48v0X0="
        },
        "loader-utils": {
          "version": "0.2.17",
          "resolved": "https://registry.npmjs.org/loader-utils/-/loader-utils-0.2.17.tgz",
          "integrity": "sha1-+G5jdNQyBabmxg6RlvF8Apm/s0g="
        },
        "lodash": {
          "version": "3.10.1",
          "resolved": "https://registry.npmjs.org/lodash/-/lodash-3.10.1.tgz",
          "integrity": "sha1-W/Rejkm6QYnhfUgnid/RW9FAt7Y="
        },
        "source-map": {
          "version": "0.1.43",
          "resolved": "https://registry.npmjs.org/source-map/-/source-map-0.1.43.tgz",
          "integrity": "sha1-wkvBRspRfBRx9drL4lcbK3+eM0Y="
        }
      }
    },
    "loader-utils": {
      "version": "1.1.0",
      "resolved": "https://registry.npmjs.org/loader-utils/-/loader-utils-1.1.0.tgz",
      "integrity": "sha1-yYrvSIvM7aL/teLeZG1qdUQp9c0=",
      "dev": true
    },
    "material-design-icons": {
      "version": "2.2.3",
      "resolved": "https://registry.npmjs.org/material-design-icons/-/material-design-icons-2.2.3.tgz",
      "integrity": "sha1-toFzZKeAOwUJqAAjBbf+IBsP2p8="
    },
    "material-design-lite": {
      "version": "1.2.1",
      "resolved": "https://registry.npmjs.org/material-design-lite/-/material-design-lite-1.2.1.tgz",
      "integrity": "sha1-CeXKqyV1r47iGyYwv/F1xagixmI="
    },
    "merge-stream": {
      "version": "1.0.1",
      "resolved": "https://registry.npmjs.org/merge-stream/-/merge-stream-1.0.1.tgz",
      "integrity": "sha1-QEEgLVCKNCugAXQAjfDCUbjBNeE=",
      "dev": true
    },
    "ng2-alfresco-core": {
      "version": "1.6.1",
      "resolved": "https://registry.npmjs.org/ng2-alfresco-core/-/ng2-alfresco-core-1.6.1.tgz",
      "integrity": "sha512-YKSBR0J5XwEZQb9IZJ4EZ+ENpwK9RoZyFJt8MsMjnRa2ryG54/vg9BguXHmXk2/y4ALThjolxeQGbcGBX4B4pA==",
      "dependencies": {
        "@angular/animations": {
          "version": "4.0.3",
          "resolved": "https://registry.npmjs.org/@angular/animations/-/animations-4.0.3.tgz",
          "integrity": "sha1-Qrt9DHZxN6rKd30nJE9MBC0CZBs="
        },
        "@angular/common": {
          "version": "4.0.3",
          "resolved": "https://registry.npmjs.org/@angular/common/-/common-4.0.3.tgz",
          "integrity": "sha1-F0coletCXygSs6eRYrW0lNJQals="
        },
        "@angular/compiler": {
          "version": "4.0.3",
          "resolved": "https://registry.npmjs.org/@angular/compiler/-/compiler-4.0.3.tgz",
          "integrity": "sha1-izytM4rFOTKOEKakv6oFcJT3vIk="
        },
        "@angular/core": {
          "version": "4.0.3",
          "resolved": "https://registry.npmjs.org/@angular/core/-/core-4.0.3.tgz",
          "integrity": "sha1-Yb4h22qld44zFZ/9OMu+uvFhINk="
        },
        "@angular/forms": {
          "version": "4.0.3",
          "resolved": "https://registry.npmjs.org/@angular/forms/-/forms-4.0.3.tgz",
          "integrity": "sha1-+45uCu3ngr9Ycwox0RebMjJxgW4="
        },
        "@angular/http": {
          "version": "4.0.3",
          "resolved": "https://registry.npmjs.org/@angular/http/-/http-4.0.3.tgz",
          "integrity": "sha1-77twGiFex3BMAhZ2SEuF7Uc5L0s="
        },
        "@angular/material": {
          "version": "2.0.0-beta.6",
          "resolved": "https://registry.npmjs.org/@angular/material/-/material-2.0.0-beta.6.tgz",
          "integrity": "sha1-g7/fAPVAqMfbkAoee47Sz/Sd+CE="
        },
        "@angular/platform-browser": {
          "version": "4.0.3",
          "resolved": "https://registry.npmjs.org/@angular/platform-browser/-/platform-browser-4.0.3.tgz",
          "integrity": "sha1-FwsY1a9O4Cskiqah8eBYSshBaB4="
        },
        "@angular/platform-browser-dynamic": {
          "version": "4.0.3",
          "resolved": "https://registry.npmjs.org/@angular/platform-browser-dynamic/-/platform-browser-dynamic-4.0.3.tgz",
          "integrity": "sha1-X6O5j3JZmbYx19cXTm5D3L9qqaw="
        },
        "@angular/router": {
          "version": "4.0.3",
          "resolved": "https://registry.npmjs.org/@angular/router/-/router-4.0.3.tgz",
          "integrity": "sha1-JBhOmxJmxK0BeyvoFXNGSx5MXfo="
        }
      }
    },
    "ng2-alfresco-datatable": {
      "version": "1.6.1",
      "resolved": "https://registry.npmjs.org/ng2-alfresco-datatable/-/ng2-alfresco-datatable-1.6.1.tgz",
      "integrity": "sha512-OVcoHyO0DXOjvBxiBd98xmxBdF/Gs3+ZyDOyoJ/Me560bNcnGMhf3jzpdAbyRvgY2ZZUvLkh43ybroT/+fAnbQ==",
      "dependencies": {
        "@angular/animations": {
          "version": "4.0.3",
          "resolved": "https://registry.npmjs.org/@angular/animations/-/animations-4.0.3.tgz",
          "integrity": "sha1-Qrt9DHZxN6rKd30nJE9MBC0CZBs="
        },
        "@angular/common": {
          "version": "4.0.3",
          "resolved": "https://registry.npmjs.org/@angular/common/-/common-4.0.3.tgz",
          "integrity": "sha1-F0coletCXygSs6eRYrW0lNJQals="
        },
        "@angular/compiler": {
          "version": "4.0.3",
          "resolved": "https://registry.npmjs.org/@angular/compiler/-/compiler-4.0.3.tgz",
          "integrity": "sha1-izytM4rFOTKOEKakv6oFcJT3vIk="
        },
        "@angular/core": {
          "version": "4.0.3",
          "resolved": "https://registry.npmjs.org/@angular/core/-/core-4.0.3.tgz",
          "integrity": "sha1-Yb4h22qld44zFZ/9OMu+uvFhINk="
        },
        "@angular/forms": {
          "version": "4.0.3",
          "resolved": "https://registry.npmjs.org/@angular/forms/-/forms-4.0.3.tgz",
          "integrity": "sha1-+45uCu3ngr9Ycwox0RebMjJxgW4="
        },
        "@angular/http": {
          "version": "4.0.3",
          "resolved": "https://registry.npmjs.org/@angular/http/-/http-4.0.3.tgz",
          "integrity": "sha1-77twGiFex3BMAhZ2SEuF7Uc5L0s="
        },
        "@angular/material": {
          "version": "2.0.0-beta.6",
          "resolved": "https://registry.npmjs.org/@angular/material/-/material-2.0.0-beta.6.tgz",
          "integrity": "sha1-g7/fAPVAqMfbkAoee47Sz/Sd+CE="
        },
        "@angular/platform-browser": {
          "version": "4.0.3",
          "resolved": "https://registry.npmjs.org/@angular/platform-browser/-/platform-browser-4.0.3.tgz",
          "integrity": "sha1-FwsY1a9O4Cskiqah8eBYSshBaB4="
        },
        "@angular/platform-browser-dynamic": {
          "version": "4.0.3",
          "resolved": "https://registry.npmjs.org/@angular/platform-browser-dynamic/-/platform-browser-dynamic-4.0.3.tgz",
          "integrity": "sha1-X6O5j3JZmbYx19cXTm5D3L9qqaw="
        },
        "@angular/router": {
          "version": "4.0.3",
          "resolved": "https://registry.npmjs.org/@angular/router/-/router-4.0.3.tgz",
          "integrity": "sha1-JBhOmxJmxK0BeyvoFXNGSx5MXfo="
        }
      }
    },
    "node-sass": {
      "version": "3.13.1",
      "resolved": "https://registry.npmjs.org/node-sass/-/node-sass-3.13.1.tgz",
      "integrity": "sha1-ckD7v/I5YwS0IjUn7TAgWJwAT8I=",
      "dev": true,
      "dependencies": {
        "glob": {
          "version": "7.1.2",
          "resolved": "https://registry.npmjs.org/glob/-/glob-7.1.2.tgz",
          "integrity": "sha512-MJTUg1kjuLeQCJ+ccE4Vpa6kKVXkPYJ2mOCQyUuKLcLQsdrMCpBPUi8qVE6+YuaJkozeA9NusTAw3hLr8Xe5EQ=="
        }
      }
    },
    "null-loader": {
      "version": "0.1.1",
      "resolved": "https://registry.npmjs.org/null-loader/-/null-loader-0.1.1.tgz",
      "integrity": "sha1-F76av80/8OFRL2/Er8sfUDk3j64=",
      "dev": true
    },
    "package-json-merge": {
      "version": "0.0.1",
      "resolved": "https://registry.npmjs.org/package-json-merge/-/package-json-merge-0.0.1.tgz",
      "integrity": "sha1-U4W/ZplPS6E92XEl8zTEt74kvhE=",
      "dev": true
    },
    "raw-loader": {
      "version": "0.5.1",
      "resolved": "https://registry.npmjs.org/raw-loader/-/raw-loader-0.5.1.tgz",
      "integrity": "sha1-DD0L6u2KAclm2Xh793goElKpeao=",
      "dev": true
    },
    "reflect-metadata": {
      "version": "0.1.10",
      "resolved": "https://registry.npmjs.org/reflect-metadata/-/reflect-metadata-0.1.10.tgz",
      "integrity": "sha1-tPg3BEFqytiZiMmxVjXUfgO5NEo="
    },
    "remap-istanbul": {
      "version": "0.6.3",
      "resolved": "https://registry.npmjs.org/remap-istanbul/-/remap-istanbul-0.6.3.tgz",
      "integrity": "sha1-0HHV3Fw2Z+fha4m1eymj+PKADTE=",
      "dev": true,
      "dependencies": {
        "amdefine": {
          "version": "1.0.0",
          "resolved": "https://registry.npmjs.org/amdefine/-/amdefine-1.0.0.tgz",
          "integrity": "sha1-/RdHRwDLXMnCtwnwvp0jzjwZjDM="
        },
        "async": {
          "version": "1.5.2",
          "resolved": "https://registry.npmjs.org/async/-/async-1.5.2.tgz",
          "integrity": "sha1-7GphrlZIDAw8skHJVhjiCJL5Zyo="
        },
        "istanbul": {
          "version": "0.4.3",
          "resolved": "https://registry.npmjs.org/istanbul/-/istanbul-0.4.3.tgz",
          "integrity": "sha1-W3FO4K5JOsXvIEuZ84crzu9z1To="
        },
        "source-map": {
          "version": "0.5.3",
          "resolved": "https://registry.npmjs.org/source-map/-/source-map-0.5.3.tgz",
          "integrity": "sha1-gmdLhacbC+dsPnQW0V6fUlLrO+A="
        }
      }
    },
    "rimraf": {
      "version": "2.5.4",
      "resolved": "https://registry.npmjs.org/rimraf/-/rimraf-2.5.4.tgz",
      "integrity": "sha1-loAAk8vxoMhr2VtGJUZ1NcKd+gQ=",
      "dev": true,
      "dependencies": {
        "glob": {
          "version": "7.1.2",
          "resolved": "https://registry.npmjs.org/glob/-/glob-7.1.2.tgz",
          "integrity": "sha512-MJTUg1kjuLeQCJ+ccE4Vpa6kKVXkPYJ2mOCQyUuKLcLQsdrMCpBPUi8qVE6+YuaJkozeA9NusTAw3hLr8Xe5EQ=="
        }
      }
    },
    "run-sequence": {
      "version": "1.2.2",
      "resolved": "https://registry.npmjs.org/run-sequence/-/run-sequence-1.2.2.tgz",
      "integrity": "sha1-UJWgvr6YczsBQL0I3YDsAw3azes=",
      "dev": true
    },
    "rxjs": {
      "version": "5.1.0",
      "resolved": "https://registry.npmjs.org/rxjs/-/rxjs-5.1.0.tgz",
      "integrity": "sha1-CqkBi39EC1BfpCvXQrZzi+VQ5yA="
    },
    "sass-loader": {
      "version": "6.0.2",
      "resolved": "https://registry.npmjs.org/sass-loader/-/sass-loader-6.0.2.tgz",
      "integrity": "sha1-ljQ6n1xYV4AUkyHHvanh2mM9LHM=",
      "dev": true
    },
    "script-loader": {
      "version": "0.7.0",
      "resolved": "https://registry.npmjs.org/script-loader/-/script-loader-0.7.0.tgz",
      "integrity": "sha1-aF3H5waeDe56kmdPDrxbD1W6pew=",
      "dev": true
    },
    "source-map-loader": {
      "version": "0.1.6",
      "resolved": "https://registry.npmjs.org/source-map-loader/-/source-map-loader-0.1.6.tgz",
      "integrity": "sha1-wJkD2m1zueU7ftjuUkVZcFHpjpE=",
      "dev": true,
      "dependencies": {
        "async": {
          "version": "0.9.2",
          "resolved": "https://registry.npmjs.org/async/-/async-0.9.2.tgz",
          "integrity": "sha1-rqdNXmHB+JlhO/ZL2mbUx48v0X0="
        },
        "loader-utils": {
          "version": "0.2.17",
          "resolved": "https://registry.npmjs.org/loader-utils/-/loader-utils-0.2.17.tgz",
          "integrity": "sha1-+G5jdNQyBabmxg6RlvF8Apm/s0g="
        },
        "source-map": {
          "version": "0.1.43",
          "resolved": "https://registry.npmjs.org/source-map/-/source-map-0.1.43.tgz",
          "integrity": "sha1-wkvBRspRfBRx9drL4lcbK3+eM0Y="
        }
      }
    },
    "style-loader": {
      "version": "0.13.1",
      "resolved": "https://registry.npmjs.org/style-loader/-/style-loader-0.13.1.tgz",
      "integrity": "sha1-RoKA77wEcwI806bNVuM7Wh1/w6k=",
      "dev": true,
      "dependencies": {
        "loader-utils": {
          "version": "0.2.17",
          "resolved": "https://registry.npmjs.org/loader-utils/-/loader-utils-0.2.17.tgz",
          "integrity": "sha1-+G5jdNQyBabmxg6RlvF8Apm/s0g="
        }
      }
    },
    "systemjs": {
      "version": "0.19.27",
      "resolved": "https://registry.npmjs.org/systemjs/-/systemjs-0.19.27.tgz",
      "integrity": "sha1-8XQNVlzmQ3GsDecHKk0eVHG6e6I="
    },
    "systemjs-builder": {
      "version": "0.15.34",
      "resolved": "https://registry.npmjs.org/systemjs-builder/-/systemjs-builder-0.15.34.tgz",
      "integrity": "sha1-bxt0N+aB45W72tsuC51L/YbxzlY=",
      "dev": true,
      "dependencies": {
        "bluebird": {
          "version": "3.5.0",
          "resolved": "https://registry.npmjs.org/bluebird/-/bluebird-3.5.0.tgz",
          "integrity": "sha1-eRQg1/VR7qKJdFOop3ZT+WYG1nw="
        },
        "glob": {
          "version": "7.1.2",
          "resolved": "https://registry.npmjs.org/glob/-/glob-7.1.2.tgz",
          "integrity": "sha512-MJTUg1kjuLeQCJ+ccE4Vpa6kKVXkPYJ2mOCQyUuKLcLQsdrMCpBPUi8qVE6+YuaJkozeA9NusTAw3hLr8Xe5EQ=="
        },
        "source-map-support": {
          "version": "0.2.10",
          "resolved": "https://registry.npmjs.org/source-map-support/-/source-map-support-0.2.10.tgz",
          "integrity": "sha1-6lo5AKHByyUJagrozFwrSxDe09w=",
          "dependencies": {
            "source-map": {
              "version": "0.1.32",
              "resolved": "https://registry.npmjs.org/source-map/-/source-map-0.1.32.tgz",
              "integrity": "sha1-yLbBZ3l7pHQKjqMyUhYv8IWRsmY="
            }
          }
        },
        "systemjs": {
          "version": "0.19.47",
          "resolved": "https://registry.npmjs.org/systemjs/-/systemjs-0.19.47.tgz",
          "integrity": "sha1-yMk5NxgPP1SBx2nNJyB2P7SjHG8="
        },
        "traceur": {
          "version": "0.0.105",
          "resolved": "https://registry.npmjs.org/traceur/-/traceur-0.0.105.tgz",
          "integrity": "sha1-XPne6D1rd4YcPWxE1ThZrterBHk=",
          "dependencies": {
            "glob": {
              "version": "5.0.15",
              "resolved": "https://registry.npmjs.org/glob/-/glob-5.0.15.tgz",
              "integrity": "sha1-G8k2ueAvSmA/zCIuz3Yz0wuLk7E="
            }
          }
        },
        "uglify-js": {
          "version": "2.8.29",
          "resolved": "https://registry.npmjs.org/uglify-js/-/uglify-js-2.8.29.tgz",
          "integrity": "sha1-KcVzMUgFe7Th913zW3qcty5qWd0="
        }
      }
    },
    "to-string-loader": {
      "version": "1.1.5",
      "resolved": "https://registry.npmjs.org/to-string-loader/-/to-string-loader-1.1.5.tgz",
      "integrity": "sha1-e3qheJG3u0lHp6Eb+wO1/enG5pU=",
      "dev": true,
      "dependencies": {
        "loader-utils": {
          "version": "0.2.17",
          "resolved": "https://registry.npmjs.org/loader-utils/-/loader-utils-0.2.17.tgz",
          "integrity": "sha1-+G5jdNQyBabmxg6RlvF8Apm/s0g="
        }
      }
    },
    "traceur": {
      "version": "0.0.91",
      "resolved": "https://registry.npmjs.org/traceur/-/traceur-0.0.91.tgz",
      "integrity": "sha1-RfBt4iThDo0wBix2pVgdWmi3ZxQ=",
      "dev": true,
      "dependencies": {
        "commander": {
          "version": "2.6.0",
          "resolved": "https://registry.npmjs.org/commander/-/commander-2.6.0.tgz",
          "integrity": "sha1-nfflL7Kgyw+4kFjugMMQQiXzfh0="
        },
        "glob": {
          "version": "4.3.5",
          "resolved": "https://registry.npmjs.org/glob/-/glob-4.3.5.tgz",
          "integrity": "sha1-gPuwjKVA8jiszl0R0em8QedRc9M="
        },
        "minimatch": {
          "version": "2.0.10",
          "resolved": "https://registry.npmjs.org/minimatch/-/minimatch-2.0.10.tgz",
          "integrity": "sha1-jQh8OcazjAAbl/ynzm0OHoCvusc="
        },
        "semver": {
          "version": "2.3.2",
          "resolved": "https://registry.npmjs.org/semver/-/semver-2.3.2.tgz",
          "integrity": "sha1-uYSPJdbPNjMwc+ye+IVtQvEjPlI="
        },
        "source-map": {
          "version": "0.1.32",
          "resolved": "https://registry.npmjs.org/source-map/-/source-map-0.1.32.tgz",
          "integrity": "sha1-yLbBZ3l7pHQKjqMyUhYv8IWRsmY="
        },
        "source-map-support": {
          "version": "0.2.10",
          "resolved": "https://registry.npmjs.org/source-map-support/-/source-map-support-0.2.10.tgz",
          "integrity": "sha1-6lo5AKHByyUJagrozFwrSxDe09w="
        }
      }
    },
    "ts-loader": {
      "version": "2.2.1",
      "resolved": "https://registry.npmjs.org/ts-loader/-/ts-loader-2.2.1.tgz",
      "integrity": "sha512-IYWWyD4g2OJ3f/NfZN1RuvI1U0TEKnAt6Jw2psc/931GBaNCrNLuFmcdwsK/9e2J5wlMBemxtAxmOOGmHRP3YA==",
      "dev": true,
      "dependencies": {
        "semver": {
          "version": "5.3.0",
          "resolved": "https://registry.npmjs.org/semver/-/semver-5.3.0.tgz",
          "integrity": "sha1-myzl094C0XxgEq0yaqa00M9U+U8="
        }
      }
    },
    "ts-node": {
      "version": "1.7.0",
      "resolved": "https://registry.npmjs.org/ts-node/-/ts-node-1.7.0.tgz",
      "integrity": "sha1-GL4tgFCACKOkZA4XmC33OkArdBY=",
      "dev": true
    },
    "tslib": {
      "version": "1.7.1",
      "resolved": "https://registry.npmjs.org/tslib/-/tslib-1.7.1.tgz",
      "integrity": "sha1-vIAEFkaRkjp5/oN4u+s9ogF1OOw="
    },
    "tslint": {
      "version": "4.5.1",
      "resolved": "https://registry.npmjs.org/tslint/-/tslint-4.5.1.tgz",
      "integrity": "sha1-BTVocb7yOkNJBnNABvwYgza6gks=",
      "dev": true,
      "dependencies": {
        "glob": {
          "version": "7.1.2",
          "resolved": "https://registry.npmjs.org/glob/-/glob-7.1.2.tgz",
          "integrity": "sha512-MJTUg1kjuLeQCJ+ccE4Vpa6kKVXkPYJ2mOCQyUuKLcLQsdrMCpBPUi8qVE6+YuaJkozeA9NusTAw3hLr8Xe5EQ=="
        }
      }
    },
    "tslint-loader": {
      "version": "3.5.3",
      "resolved": "https://registry.npmjs.org/tslint-loader/-/tslint-loader-3.5.3.tgz",
      "integrity": "sha1-ND90Ei2U81a2iUV9P1n2SmmrYG8=",
      "dev": true,
      "dependencies": {
        "semver": {
          "version": "5.3.0",
          "resolved": "https://registry.npmjs.org/semver/-/semver-5.3.0.tgz",
          "integrity": "sha1-myzl094C0XxgEq0yaqa00M9U+U8="
        }
      }
    },
    "typescript": {
      "version": "2.3.4",
      "resolved": "https://registry.npmjs.org/typescript/-/typescript-2.3.4.tgz",
      "integrity": "sha1-PTgyGCgjHkNPKHUUlZw3qCtin0I=",
      "dev": true
    },
    "webpack": {
      "version": "2.2.1",
      "resolved": "https://registry.npmjs.org/webpack/-/webpack-2.2.1.tgz",
      "integrity": "sha1-e7HXKuIIfdGkr1Jq/sFe7RfdpHU=",
      "dev": true,
      "dependencies": {
        "loader-utils": {
          "version": "0.2.17",
          "resolved": "https://registry.npmjs.org/loader-utils/-/loader-utils-0.2.17.tgz",
          "integrity": "sha1-+G5jdNQyBabmxg6RlvF8Apm/s0g="
        },
        "uglify-js": {
          "version": "2.8.29",
          "resolved": "https://registry.npmjs.org/uglify-js/-/uglify-js-2.8.29.tgz",
          "integrity": "sha1-KcVzMUgFe7Th913zW3qcty5qWd0=",
          "dependencies": {
            "yargs": {
              "version": "3.10.0",
              "resolved": "https://registry.npmjs.org/yargs/-/yargs-3.10.0.tgz",
              "integrity": "sha1-9+572FfdfB0tOMDnTvvWgdFDH9E="
            }
          }
        },
        "yargs": {
          "version": "6.6.0",
          "resolved": "https://registry.npmjs.org/yargs/-/yargs-6.6.0.tgz",
          "integrity": "sha1-eC7CHvQDNF+DCoCMo9UTr1YGUgg=",
          "dependencies": {
            "camelcase": {
              "version": "3.0.0",
              "resolved": "https://registry.npmjs.org/camelcase/-/camelcase-3.0.0.tgz",
              "integrity": "sha1-MvxLn82vhF/N9+c7uXysImHwqwo="
            },
            "cliui": {
              "version": "3.2.0",
              "resolved": "https://registry.npmjs.org/cliui/-/cliui-3.2.0.tgz",
              "integrity": "sha1-EgYBU3qRbSmUD5NNo7SNWFo5IT0="
            }
          }
        },
        "yargs-parser": {
          "version": "4.2.1",
          "resolved": "https://registry.npmjs.org/yargs-parser/-/yargs-parser-4.2.1.tgz",
          "integrity": "sha1-KczqwNxPA8bIe0qfIX3RjJ90hxw=",
          "dependencies": {
            "camelcase": {
              "version": "3.0.0",
              "resolved": "https://registry.npmjs.org/camelcase/-/camelcase-3.0.0.tgz",
              "integrity": "sha1-MvxLn82vhF/N9+c7uXysImHwqwo="
            }
          }
        }
      }
    },
    "webpack-dev-server": {
      "version": "2.3.0",
      "resolved": "https://registry.npmjs.org/webpack-dev-server/-/webpack-dev-server-2.3.0.tgz",
      "integrity": "sha1-BDdwS71NlBpuTAYes8wjLtfQYQE=",
      "dev": true,
      "dependencies": {
        "camelcase": {
          "version": "3.0.0",
          "resolved": "https://registry.npmjs.org/camelcase/-/camelcase-3.0.0.tgz",
          "integrity": "sha1-MvxLn82vhF/N9+c7uXysImHwqwo="
        },
        "cliui": {
          "version": "3.2.0",
          "resolved": "https://registry.npmjs.org/cliui/-/cliui-3.2.0.tgz",
          "integrity": "sha1-EgYBU3qRbSmUD5NNo7SNWFo5IT0="
        },
        "yargs": {
          "version": "6.6.0",
          "resolved": "https://registry.npmjs.org/yargs/-/yargs-6.6.0.tgz",
          "integrity": "sha1-eC7CHvQDNF+DCoCMo9UTr1YGUgg="
        },
        "yargs-parser": {
          "version": "4.2.1",
          "resolved": "https://registry.npmjs.org/yargs-parser/-/yargs-parser-4.2.1.tgz",
          "integrity": "sha1-KczqwNxPA8bIe0qfIX3RjJ90hxw="
        }
      }
    },
    "webpack-merge": {
      "version": "2.6.1",
      "resolved": "https://registry.npmjs.org/webpack-merge/-/webpack-merge-2.6.1.tgz",
      "integrity": "sha1-8dgB0sXTn4P/7J8RkkCz476ZShw=",
      "dev": true
    },
    "wsrv": {
      "version": "0.1.7",
      "resolved": "https://registry.npmjs.org/wsrv/-/wsrv-0.1.7.tgz",
      "integrity": "sha1-B+5KvBrrhDtTm5QXs88mpwCElhM=",
      "dev": true,
      "dependencies": {
        "camelcase": {
          "version": "3.0.0",
          "resolved": "https://registry.npmjs.org/camelcase/-/camelcase-3.0.0.tgz",
          "integrity": "sha1-MvxLn82vhF/N9+c7uXysImHwqwo="
        },
        "chokidar": {
          "version": "1.6.1",
          "resolved": "https://registry.npmjs.org/chokidar/-/chokidar-1.6.1.tgz",
          "integrity": "sha1-L0RHq16W5Q+z14n9kNTHLg5McMI="
        },
        "cliui": {
          "version": "3.2.0",
          "resolved": "https://registry.npmjs.org/cliui/-/cliui-3.2.0.tgz",
          "integrity": "sha1-EgYBU3qRbSmUD5NNo7SNWFo5IT0="
        },
        "is-extglob": {
          "version": "1.0.0",
          "resolved": "https://registry.npmjs.org/is-extglob/-/is-extglob-1.0.0.tgz",
          "integrity": "sha1-rEaBd8SUNAWgkvyPKXYMb/xiBsA="
        },
        "is-glob": {
          "version": "2.0.1",
          "resolved": "https://registry.npmjs.org/is-glob/-/is-glob-2.0.1.tgz",
          "integrity": "sha1-0Jb5JqPe1WAPP9/ZEZjLCIjC2GM="
        },
        "yargs": {
          "version": "6.6.0",
          "resolved": "https://registry.npmjs.org/yargs/-/yargs-6.6.0.tgz",
          "integrity": "sha1-eC7CHvQDNF+DCoCMo9UTr1YGUgg="
        },
        "yargs-parser": {
          "version": "4.2.1",
          "resolved": "https://registry.npmjs.org/yargs-parser/-/yargs-parser-4.2.1.tgz",
          "integrity": "sha1-KczqwNxPA8bIe0qfIX3RjJ90hxw="
        }
      }
    },
    "zone.js": {
      "version": "0.7.6",
      "resolved": "https://registry.npmjs.org/zone.js/-/zone.js-0.7.6.tgz",
      "integrity": "sha1-+7w50+AmHQmG8boGMG6zrrDSIAk="
    }
  }
}
